{
  "requires": true,
  "lockfileVersion": 1,
  "dependencies": {
    "@ant-design/icons": {
      "version": "1.1.8",
      "resolved": "http://registry.npm.taobao.org/@ant-design/icons/download/@ant-design/icons-1.1.8.tgz",
      "integrity": "sha1-qV2+HjKShQCrEw+zX3fiykR+wKo="
    },
    "@ant-design/icons-react": {
      "version": "1.1.1",
      "resolved": "http://registry.npm.taobao.org/@ant-design/icons-react/download/@ant-design/icons-react-1.1.1.tgz",
      "integrity": "sha1-a1jrfMVhI5KixDR9J9heWZ0TBmE=",
      "requires": {
        "ant-design-palettes": "^1.1.3",
        "babel-runtime": "^6.26.0"
      }
    },
    "add-dom-event-listener": {
      "version": "1.0.2",
      "resolved": "http://registry.npm.taobao.org/add-dom-event-listener/download/add-dom-event-listener-1.0.2.tgz",
      "integrity": "sha1-j67SxBAIchzxEdodMNmVuFvkK+0=",
      "requires": {
        "object-assign": "4.x"
      }
    },
    "ant-design-palettes": {
      "version": "1.1.3",
      "resolved": "http://registry.npm.taobao.org/ant-design-palettes/download/ant-design-palettes-1.1.3.tgz",
      "integrity": "sha1-hBGbGk2GNjrcUqONWH5lM2oKJ90=",
      "requires": {
        "tinycolor2": "^1.4.1"
      }
    },
    "antd": {
      "version": "3.9.2",
      "resolved": "http://registry.npm.taobao.org/antd/download/antd-3.9.2.tgz",
      "integrity": "sha1-fxAH2k/HRuig2btoRrcLYAE3Ttk=",
      "requires": {
        "@ant-design/icons": "~1.1.5",
        "@ant-design/icons-react": "~1.1.1",
        "array-tree-filter": "^2.0.0",
        "babel-runtime": "6.x",
        "classnames": "~2.2.0",
        "create-react-class": "^15.6.0",
        "create-react-context": "0.2.2",
        "css-animation": "^1.2.5",
        "dom-closest": "^0.2.0",
        "enquire.js": "^2.1.1",
        "intersperse": "^1.0.0",
        "lodash": "^4.17.5",
        "moment": "^2.19.3",
        "omit.js": "^1.0.0",
        "prop-types": "^15.5.7",
        "raf": "^3.4.0",
        "rc-animate": "^2.4.1",
        "rc-calendar": "~9.7.3",
        "rc-cascader": "~0.16.0",
        "rc-checkbox": "~2.1.5",
        "rc-collapse": "~1.10.0",
        "rc-dialog": "~7.2.0",
        "rc-drawer": "~1.7.3",
        "rc-dropdown": "~2.2.0",
        "rc-editor-mention": "^1.0.2",
        "rc-form": "^2.1.0",
        "rc-input-number": "~4.0.0",
        "rc-menu": "~7.4.1",
        "rc-notification": "~3.2.0",
        "rc-pagination": "~1.17.0",
        "rc-progress": "~2.2.2",
        "rc-rate": "~2.4.0",
        "rc-select": "~8.2.6",
        "rc-slider": "~8.6.0",
        "rc-steps": "~3.3.0",
        "rc-switch": "~1.7.0",
        "rc-table": "~6.3.2",
        "rc-tabs": "~9.4.0",
        "rc-time-picker": "~3.4.0",
        "rc-tooltip": "~3.7.0",
        "rc-tree": "~1.14.5",
        "rc-tree-select": "~2.2.0",
        "rc-trigger": "^2.5.4",
        "rc-upload": "~2.5.0",
        "rc-util": "^4.0.4",
        "react-lazy-load": "^3.0.12",
        "react-lifecycles-compat": "^3.0.2",
        "react-slick": "~0.23.1",
        "shallowequal": "^1.0.1",
        "warning": "~4.0.1"
      }
    },
    "array-tree-filter": {
      "version": "2.1.0",
      "resolved": "http://registry.npm.taobao.org/array-tree-filter/download/array-tree-filter-2.1.0.tgz",
      "integrity": "sha1-hzrAD+yDdJ8lWsjdCDgUtPYykZA="
    },
    "asap": {
      "version": "2.0.6",
      "resolved": "http://registry.npm.taobao.org/asap/download/asap-2.0.6.tgz",
      "integrity": "sha1-5QNHYR1+aQlDIIu9r+vLwvuGbUY="
    },
    "async-validator": {
      "version": "1.8.5",
      "resolved": "http://registry.npm.taobao.org/async-validator/download/async-validator-1.8.5.tgz",
      "integrity": "sha1-3D4I7B/Q3dtn5ghC8CwM0c7G1/A=",
      "requires": {
        "babel-runtime": "6.x"
      }
    },
    "babel-runtime": {
      "version": "6.26.0",
      "resolved": "http://registry.npm.taobao.org/babel-runtime/download/babel-runtime-6.26.0.tgz",
      "integrity": "sha1-llxwWGaOgrVde/4E/yM3vItWR/4=",
      "requires": {
        "core-js": "^2.4.0",
        "regenerator-runtime": "^0.11.0"
      }
    },
    "classnames": {
      "version": "2.2.6",
      "resolved": "http://registry.npm.taobao.org/classnames/download/classnames-2.2.6.tgz",
      "integrity": "sha1-Q5Nb/90pHzJtrQogUwmzjQD2UM4="
    },
    "component-classes": {
      "version": "1.2.6",
      "resolved": "http://registry.npm.taobao.org/component-classes/download/component-classes-1.2.6.tgz",
      "integrity": "sha1-xkI5TDYYpNiwuJGe/Mu9kw5c1pE=",
      "requires": {
        "component-indexof": "0.0.3"
      }
    },
    "component-indexof": {
      "version": "0.0.3",
      "resolved": "http://registry.npm.taobao.org/component-indexof/download/component-indexof-0.0.3.tgz",
      "integrity": "sha1-EdCRMSI5648yyPJa6csAL/6NPCQ="
    },
    "core-js": {
      "version": "2.5.7",
      "resolved": "http://registry.npm.taobao.org/core-js/download/core-js-2.5.7.tgz",
      "integrity": "sha1-+XJgj/DOrWi4QaFqky0LGDeRgU4="
    },
    "create-react-class": {
      "version": "15.6.3",
      "resolved": "http://registry.npm.taobao.org/create-react-class/download/create-react-class-15.6.3.tgz",
      "integrity": "sha1-LXMjf7P5cK5uvgEanmb0bbyoADY=",
      "requires": {
        "fbjs": "^0.8.9",
        "loose-envify": "^1.3.1",
        "object-assign": "^4.1.1"
      }
    },
    "create-react-context": {
      "version": "0.2.2",
      "resolved": "http://registry.npm.taobao.org/create-react-context/download/create-react-context-0.2.2.tgz",
      "integrity": "sha1-mDZUL5qqIoaM19Sm+CZn3zgBnco=",
      "requires": {
        "fbjs": "^0.8.0",
        "gud": "^1.0.0"
      }
    },
    "css-animation": {
      "version": "1.4.1",
      "resolved": "http://registry.npm.taobao.org/css-animation/download/css-animation-1.4.1.tgz",
      "integrity": "sha1-W4gTEl3g+7uwu+G0cq6EIhRpt6g=",
      "requires": {
        "babel-runtime": "6.x",
        "component-classes": "^1.2.5"
      }
    },
    "dom-align": {
      "version": "1.8.0",
      "resolved": "http://registry.npm.taobao.org/dom-align/download/dom-align-1.8.0.tgz",
      "integrity": "sha1-wOibW2dMboNs0kjFLCmSE18JNlQ="
    },
    "dom-closest": {
      "version": "0.2.0",
      "resolved": "http://registry.npm.taobao.org/dom-closest/download/dom-closest-0.2.0.tgz",
      "integrity": "sha1-69n5HRvyLo1vR3h2u80+yQIWwM8=",
      "requires": {
        "dom-matches": ">=1.0.1"
      }
    },
    "dom-matches": {
      "version": "2.0.0",
      "resolved": "http://registry.npm.taobao.org/dom-matches/download/dom-matches-2.0.0.tgz",
      "integrity": "sha1-0nKLQWqHUzmA6wibhI0lPPI6dYw="
    },
    "dom-scroll-into-view": {
      "version": "1.2.1",
      "resolved": "http://registry.npm.taobao.org/dom-scroll-into-view/download/dom-scroll-into-view-1.2.1.tgz",
      "integrity": "sha1-6PNnMt0ImwIBqI14Fdw/iObWbH4="
    },
    "draft-js": {
      "version": "0.10.5",
      "resolved": "http://registry.npm.taobao.org/draft-js/download/draft-js-0.10.5.tgz",
      "integrity": "sha1-v6m+sBj+BTPbsI1mdcNxprCPp0I=",
      "requires": {
        "fbjs": "^0.8.15",
        "immutable": "~3.7.4",
        "object-assign": "^4.1.0"
      }
    },
    "encoding": {
      "version": "0.1.12",
      "resolved": "http://registry.npm.taobao.org/encoding/download/encoding-0.1.12.tgz",
      "integrity": "sha1-U4tm8+5izRq1HsMjgp0flIDHS+s=",
      "requires": {
        "iconv-lite": "~0.4.13"
      }
    },
    "enquire.js": {
      "version": "2.1.6",
      "resolved": "http://registry.npm.taobao.org/enquire.js/download/enquire.js-2.1.6.tgz",
      "integrity": "sha1-PoeAybi4NQhMP2DhZtvDwqPImBQ="
    },
    "eventlistener": {
      "version": "0.0.1",
      "resolved": "http://registry.npm.taobao.org/eventlistener/download/eventlistener-0.0.1.tgz",
      "integrity": "sha1-7Suqu4UiJ68rz4iRUscsY8pTLrg="
    },
    "fbjs": {
      "version": "0.8.17",
      "resolved": "http://registry.npm.taobao.org/fbjs/download/fbjs-0.8.17.tgz",
      "integrity": "sha1-xNWY6taUkRJlPWWIsBpc3Nn5D90=",
      "requires": {
        "core-js": "^1.0.0",
        "isomorphic-fetch": "^2.1.1",
        "loose-envify": "^1.0.0",
        "object-assign": "^4.1.0",
        "promise": "^7.1.1",
        "setimmediate": "^1.0.5",
        "ua-parser-js": "^0.7.18"
      },
      "dependencies": {
        "core-js": {
          "version": "1.2.7",
          "resolved": "http://registry.npm.taobao.org/core-js/download/core-js-1.2.7.tgz",
          "integrity": "sha1-ZSKUwUZR2yj6k70tX/KYOk8IxjY="
        }
      }
    },
    "gud": {
      "version": "1.0.0",
      "resolved": "http://registry.npm.taobao.org/gud/download/gud-1.0.0.tgz",
      "integrity": "sha1-pIlYGxfmpwvsqavjrlfeekmYUsA="
    },
    "hammerjs": {
      "version": "2.0.8",
      "resolved": "http://registry.npm.taobao.org/hammerjs/download/hammerjs-2.0.8.tgz",
      "integrity": "sha1-BO93hiz/K7edMPdpIJWTAiK/YPE="
    },
    "hoist-non-react-statics": {
      "version": "2.5.5",
      "resolved": "http://registry.npm.taobao.org/hoist-non-react-statics/download/hoist-non-react-statics-2.5.5.tgz",
      "integrity": "sha1-xZA89AnA39kI84jmGdhrnBF0y0c="
    },
    "iconv-lite": {
      "version": "0.4.24",
      "resolved": "http://registry.npm.taobao.org/iconv-lite/download/iconv-lite-0.4.24.tgz",
      "integrity": "sha1-ICK0sl+93CHS9SSXSkdKr+czkIs=",
      "requires": {
        "safer-buffer": ">= 2.1.2 < 3"
      }
    },
    "immutable": {
      "version": "3.7.6",
      "resolved": "http://registry.npm.taobao.org/immutable/download/immutable-3.7.6.tgz",
      "integrity": "sha1-E7TTyxK++hVIKib+Gy665kAHHks="
    },
    "intersperse": {
      "version": "1.0.0",
      "resolved": "http://registry.npm.taobao.org/intersperse/download/intersperse-1.0.0.tgz",
      "integrity": "sha1-8lYfsc/vn1J3zDNHoiiGtDUaUYE="
    },
    "is-negative-zero": {
      "version": "2.0.0",
      "resolved": "http://registry.npm.taobao.org/is-negative-zero/download/is-negative-zero-2.0.0.tgz",
      "integrity": "sha1-lVOxIbD6wohp2p7UWeIMdUN4hGE="
    },
    "is-stream": {
      "version": "1.1.0",
      "resolved": "http://registry.npm.taobao.org/is-stream/download/is-stream-1.1.0.tgz",
      "integrity": "sha1-EtSj3U5o4Lec6428hBc66A2RykQ="
    },
    "isomorphic-fetch": {
      "version": "2.2.1",
      "resolved": "http://registry.npm.taobao.org/isomorphic-fetch/download/isomorphic-fetch-2.2.1.tgz",
      "integrity": "sha1-YRrhrPFPXoH3KVB0coGf6XM1WKk=",
      "requires": {
        "node-fetch": "^1.0.1",
        "whatwg-fetch": ">=0.10.0"
      }
    },
    "js-tokens": {
      "version": "4.0.0",
      "resolved": "http://registry.npm.taobao.org/js-tokens/download/js-tokens-4.0.0.tgz",
      "integrity": "sha1-GSA/tZmR35jjoocFDUZHzerzJJk="
    },
    "json2mq": {
      "version": "0.2.0",
      "resolved": "http://registry.npm.taobao.org/json2mq/download/json2mq-0.2.0.tgz",
      "integrity": "sha1-tje9O6nqvhIsg+lyBIOusQ0skEo=",
      "requires": {
        "string-convert": "^0.2.0"
      }
    },
    "lodash": {
      "version": "4.17.11",
      "resolved": "http://registry.npm.taobao.org/lodash/download/lodash-4.17.11.tgz",
      "integrity": "sha1-s56mIp72B+zYniyN8SU2iRysm40="
    },
    "lodash._getnative": {
      "version": "3.9.1",
      "resolved": "http://registry.npm.taobao.org/lodash._getnative/download/lodash._getnative-3.9.1.tgz",
      "integrity": "sha1-VwvH3t5G1hzc3mh9ZdPuy6o6r/U="
    },
    "lodash.debounce": {
      "version": "4.0.8",
      "resolved": "http://registry.npm.taobao.org/lodash.debounce/download/lodash.debounce-4.0.8.tgz",
      "integrity": "sha1-gteb/zCmfEAF/9XiUVMArZyk168="
    },
    "lodash.isarguments": {
      "version": "3.1.0",
      "resolved": "http://registry.npm.taobao.org/lodash.isarguments/download/lodash.isarguments-3.1.0.tgz",
      "integrity": "sha1-L1c9hcaiQon/AGY7SRwdM4/zRYo="
    },
    "lodash.isarray": {
      "version": "3.0.4",
      "resolved": "http://registry.npm.taobao.org/lodash.isarray/download/lodash.isarray-3.0.4.tgz",
      "integrity": "sha1-eeTriMNqgSKvhvhEqpvNhRtfu1U="
    },
    "lodash.keys": {
      "version": "3.1.2",
      "resolved": "http://registry.npm.taobao.org/lodash.keys/download/lodash.keys-3.1.2.tgz",
      "integrity": "sha1-TbwEcrFWvlCgsoaFXRvQsMZWCYo=",
      "requires": {
        "lodash._getnative": "^3.0.0",
        "lodash.isarguments": "^3.0.0",
        "lodash.isarray": "^3.0.0"
      }
    },
    "lodash.throttle": {
      "version": "4.1.1",
      "resolved": "http://registry.npm.taobao.org/lodash.throttle/download/lodash.throttle-4.1.1.tgz",
      "integrity": "sha1-wj6RtxAkKscMN/HhzaknTMOb8vQ="
    },
    "loose-envify": {
      "version": "1.4.0",
      "resolved": "http://registry.npm.taobao.org/loose-envify/download/loose-envify-1.4.0.tgz",
      "integrity": "sha1-ce5R+nvkyuwaY4OffmgtgTLTDK8=",
      "requires": {
        "js-tokens": "^3.0.0 || ^4.0.0"
      }
    },
    "mini-store": {
      "version": "1.1.2",
      "resolved": "http://registry.npm.taobao.org/mini-store/download/mini-store-1.1.2.tgz",
      "integrity": "sha1-zBUOCHjggMpYIZ1H/M7+/iya6j4=",
      "requires": {
        "hoist-non-react-statics": "^2.3.1",
        "prop-types": "^15.6.0",
        "react-lifecycles-compat": "^3.0.4",
        "shallowequal": "^1.0.2"
      }
    },
    "moment": {
      "version": "2.22.2",
      "resolved": "http://registry.npm.taobao.org/moment/download/moment-2.22.2.tgz",
      "integrity": "sha1-PCV/mDn8DpP/UxSWMiOeuQeD/2Y="
    },
    "mutationobserver-shim": {
      "version": "0.3.2",
      "resolved": "http://registry.npm.taobao.org/mutationobserver-shim/download/mutationobserver-shim-0.3.2.tgz",
      "integrity": "sha1-9NXa56SXGiIHkU+1qQ69UUtlrMo="
    },
    "node-fetch": {
      "version": "1.7.3",
      "resolved": "http://registry.npm.taobao.org/node-fetch/download/node-fetch-1.7.3.tgz",
      "integrity": "sha1-mA9vcthSEaU0fGsrwYxbhMPrR+8=",
      "requires": {
        "encoding": "^0.1.11",
        "is-stream": "^1.0.1"
      }
    },
    "object-assign": {
      "version": "4.1.1",
      "resolved": "http://registry.npm.taobao.org/object-assign/download/object-assign-4.1.1.tgz",
      "integrity": "sha1-IQmtx5ZYh8/AXLvUQsrIv7s2CGM="
    },
    "omit.js": {
      "version": "1.0.0",
      "resolved": "http://registry.npm.taobao.org/omit.js/download/omit.js-1.0.0.tgz",
      "integrity": "sha1-4BPLhqdRe5z298+w3bQpclapkog=",
      "requires": {
        "babel-runtime": "^6.23.0"
      }
    },
    "performance-now": {
      "version": "2.1.0",
      "resolved": "http://registry.npm.taobao.org/performance-now/download/performance-now-2.1.0.tgz",
      "integrity": "sha1-Ywn04OX6kT7BxpMHrjZLSzd8nns="
    },
    "promise": {
      "version": "7.3.1",
      "resolved": "http://registry.npm.taobao.org/promise/download/promise-7.3.1.tgz",
      "integrity": "sha1-BktyYCsY+Q8pGSuLG8QY/9Hr078=",
      "requires": {
        "asap": "~2.0.3"
      }
    },
    "prop-types": {
      "version": "15.6.2",
      "resolved": "http://registry.npm.taobao.org/prop-types/download/prop-types-15.6.2.tgz",
      "integrity": "sha1-BdXKd7RFPphdYPx/+MhZCUpJcQI=",
      "requires": {
        "loose-envify": "^1.3.1",
        "object-assign": "^4.1.1"
      }
    },
    "raf": {
      "version": "3.4.0",
      "resolved": "http://registry.npm.taobao.org/raf/download/raf-3.4.0.tgz",
      "integrity": "sha1-ooh2iBtLwsqRF9QTgWPduA94FXU=",
      "requires": {
        "performance-now": "^2.1.0"
      }
    },
    "rc-align": {
      "version": "2.4.3",
      "resolved": "http://registry.npm.taobao.org/rc-align/download/rc-align-2.4.3.tgz",
      "integrity": "sha1-ubPCptaK2ucajh0EHNXjsqZV+Zo=",
      "requires": {
        "babel-runtime": "^6.26.0",
        "dom-align": "^1.7.0",
        "prop-types": "^15.5.8",
        "rc-util": "^4.0.4"
      }
    },
    "rc-animate": {
      "version": "2.4.4",
      "resolved": "http://registry.npm.taobao.org/rc-animate/download/rc-animate-2.4.4.tgz",
      "integrity": "sha1-oFp4THR77vFA2Z/1K2EXcRvvSx4=",
      "requires": {
        "babel-runtime": "6.x",
        "css-animation": "^1.3.2",
        "prop-types": "15.x"
      }
    },
    "rc-calendar": {
      "version": "9.7.7",
      "resolved": "http://registry.npm.taobao.org/rc-calendar/download/rc-calendar-9.7.7.tgz",
      "integrity": "sha1-2Ml54T4pDjAXlnQjwzWno92nDPs=",
      "requires": {
        "babel-runtime": "6.x",
        "classnames": "2.x",
        "create-react-class": "^15.5.2",
        "moment": "2.x",
        "prop-types": "^15.5.8",
        "rc-trigger": "^2.2.0",
        "rc-util": "^4.1.1"
      }
    },
    "rc-cascader": {
      "version": "0.16.0",
      "resolved": "http://registry.npm.taobao.org/rc-cascader/download/rc-cascader-0.16.0.tgz",
      "integrity": "sha1-EbqoVMKqotao9gHex13RNtWcUVY=",
      "requires": {
        "array-tree-filter": "^1.0.0",
        "prop-types": "^15.5.8",
        "rc-trigger": "^2.2.0",
        "rc-util": "^4.0.4",
        "shallow-equal": "^1.0.0",
        "warning": "^4.0.1"
      },
      "dependencies": {
        "array-tree-filter": {
          "version": "1.0.1",
          "resolved": "http://registry.npm.taobao.org/array-tree-filter/download/array-tree-filter-1.0.1.tgz",
          "integrity": "sha1-CorR7v04zoiFhjL5zAQj12NOTV0="
        }
      }
    },
    "rc-checkbox": {
      "version": "2.1.5",
      "resolved": "http://registry.npm.taobao.org/rc-checkbox/download/rc-checkbox-2.1.5.tgz",
      "integrity": "sha1-QRhYRIwO4qeX74VE2sY7yu73Iu8=",
      "requires": {
        "babel-runtime": "^6.23.0",
        "classnames": "2.x",
        "prop-types": "15.x",
        "rc-util": "^4.0.4"
      }
    },
    "rc-collapse": {
      "version": "1.10.0",
      "resolved": "http://registry.npm.taobao.org/rc-collapse/download/rc-collapse-1.10.0.tgz",
      "integrity": "sha1-s5V4YzoeAzORWXd2dYdjoQ07wmE=",
      "requires": {
        "classnames": "2.x",
        "css-animation": "1.x",
        "prop-types": "^15.5.6",
        "rc-animate": "2.x"
      }
    },
    "rc-dialog": {
      "version": "7.2.1",
      "resolved": "http://registry.npm.taobao.org/rc-dialog/download/rc-dialog-7.2.1.tgz",
      "integrity": "sha1-rJL8/98qDqpkt3+CkzZlPZEaV74=",
      "requires": {
        "babel-runtime": "6.x",
        "rc-animate": "2.x",
        "rc-util": "^4.4.0"
      }
    },
    "rc-drawer": {
      "version": "1.7.5",
      "resolved": "http://registry.npm.taobao.org/rc-drawer/download/rc-drawer-1.7.5.tgz",
      "integrity": "sha1-4a9U8oGroDk2YNHmDl8nPu9Zo+0=",
      "requires": {
        "babel-runtime": "6.x",
        "classnames": "^2.2.5",
        "prop-types": "^15.5.0",
        "rc-util": "^4.5.1"
      }
    },
    "rc-dropdown": {
      "version": "2.2.0",
      "resolved": "http://registry.npm.taobao.org/rc-dropdown/download/rc-dropdown-2.2.0.tgz",
      "integrity": "sha1-qQUGdmbOc8DOJs8JgOe3W0YSaCU=",
      "requires": {
        "babel-runtime": "^6.26.0",
        "prop-types": "^15.5.8",
        "rc-trigger": "^2.5.1",
        "react-lifecycles-compat": "^3.0.2"
      }
    },
    "rc-editor-core": {
      "version": "0.8.7",
      "resolved": "http://registry.npm.taobao.org/rc-editor-core/download/rc-editor-core-0.8.7.tgz",
      "integrity": "sha1-DQpG3ncuSKEyXHxJ1epll7BWtp4=",
      "requires": {
        "babel-runtime": "^6.26.0",
        "classnames": "^2.2.5",
        "draft-js": "^0.10.0",
        "immutable": "^3.7.4",
        "lodash": "^4.16.5",
        "prop-types": "^15.5.8",
        "setimmediate": "^1.0.5"
      }
    },
    "rc-editor-mention": {
      "version": "1.1.7",
      "resolved": "http://registry.npm.taobao.org/rc-editor-mention/download/rc-editor-mention-1.1.7.tgz",
      "integrity": "sha1-xy0YGFm+2pZmn0tD4ZqUHmj6mFs=",
      "requires": {
        "babel-runtime": "^6.23.0",
        "classnames": "^2.2.5",
        "dom-scroll-into-view": "^1.2.0",
        "draft-js": "~0.10.0",
        "prop-types": "^15.5.8",
        "rc-animate": "^2.3.0",
        "rc-editor-core": "~0.8.3"
      }
    },
    "rc-form": {
      "version": "2.2.3",
      "resolved": "http://registry.npm.taobao.org/rc-form/download/rc-form-2.2.3.tgz",
      "integrity": "sha1-Kk4/4lk1nDU7qtxEdcBy1fWYseQ=",
      "requires": {
        "async-validator": "1.x",
        "babel-runtime": "6.x",
        "create-react-class": "^15.5.3",
        "dom-scroll-into-view": "1.x",
        "hoist-non-react-statics": "^2.3.1",
        "lodash": "^4.17.4",
        "warning": "^3.0.0"
      },
      "dependencies": {
        "warning": {
          "version": "3.0.0",
          "resolved": "http://registry.npm.taobao.org/warning/download/warning-3.0.0.tgz",
          "integrity": "sha1-MuU3fLVy3kqwR1O9+IIcAe1gW3w=",
          "requires": {
            "loose-envify": "^1.0.0"
          }
        }
      }
    },
    "rc-hammerjs": {
      "version": "0.6.9",
      "resolved": "http://registry.npm.taobao.org/rc-hammerjs/download/rc-hammerjs-0.6.9.tgz",
      "integrity": "sha1-mk3b2hsuyPm5WWCRpqmJhCokOQc=",
      "requires": {
        "babel-runtime": "6.x",
        "hammerjs": "^2.0.8",
        "prop-types": "^15.5.9"
      }
    },
    "rc-input-number": {
      "version": "4.0.13",
      "resolved": "http://registry.npm.taobao.org/rc-input-number/download/rc-input-number-4.0.13.tgz",
      "integrity": "sha1-GKwwW/B7Z3GtDk7cl7Hhu7m3GRg=",
      "requires": {
        "babel-runtime": "6.x",
        "classnames": "^2.2.0",
        "is-negative-zero": "^2.0.0",
        "prop-types": "^15.5.7",
        "rc-util": "^4.5.1",
        "rmc-feedback": "^2.0.0"
      }
    },
    "rc-menu": {
      "version": "7.4.8",
      "resolved": "http://registry.npm.taobao.org/rc-menu/download/rc-menu-7.4.8.tgz",
      "integrity": "sha1-ybObwJCafZmMSxeUcMigwulM18M=",
      "requires": {
        "babel-runtime": "6.x",
        "classnames": "2.x",
        "dom-scroll-into-view": "1.x",
        "mini-store": "^1.1.0",
        "mutationobserver-shim": "^0.3.2",
        "prop-types": "^15.5.6",
        "rc-animate": "2.x",
        "rc-trigger": "^2.3.0",
        "rc-util": "^4.1.0",
        "resize-observer-polyfill": "^1.5.0"
      }
    },
    "rc-notification": {
      "version": "3.2.0",
      "resolved": "http://registry.npm.taobao.org/rc-notification/download/rc-notification-3.2.0.tgz",
      "integrity": "sha1-u/tqksTlTJ7resUafoxkAR6hKrE=",
      "requires": {
        "babel-runtime": "6.x",
        "classnames": "2.x",
        "prop-types": "^15.5.8",
        "rc-animate": "2.x",
        "rc-util": "^4.0.4"
      }
    },
    "rc-pagination": {
      "version": "1.17.1",
      "resolved": "http://registry.npm.taobao.org/rc-pagination/download/rc-pagination-1.17.1.tgz",
      "integrity": "sha1-ds+qZNyLMBgWoRigrKjN5Gu7sys=",
      "requires": {
        "babel-runtime": "6.x",
        "prop-types": "^15.5.7"
      }
    },
    "rc-progress": {
      "version": "2.2.5",
      "resolved": "http://registry.npm.taobao.org/rc-progress/download/rc-progress-2.2.5.tgz",
      "integrity": "sha1-5h0FRL+dQgjlujL8UJYhWef5UqM=",
      "requires": {
        "babel-runtime": "6.x",
        "prop-types": "^15.5.8"
      }
    },
    "rc-rate": {
      "version": "2.4.2",
      "resolved": "http://registry.npm.taobao.org/rc-rate/download/rc-rate-2.4.2.tgz",
      "integrity": "sha1-wJe/26eleDzsKHySixRhzBYh+DY=",
      "requires": {
        "babel-runtime": "^6.26.0",
        "classnames": "^2.2.5",
        "prop-types": "^15.5.8",
        "rc-util": "^4.3.0"
      }
    },
    "rc-select": {
      "version": "8.2.8",
      "resolved": "http://registry.npm.taobao.org/rc-select/download/rc-select-8.2.8.tgz",
      "integrity": "sha1-PPvOPTEo1H8q8LdBUNxUhwgo4+4=",
      "requires": {
        "babel-runtime": "^6.23.0",
        "classnames": "2.x",
        "component-classes": "1.x",
        "dom-scroll-into-view": "1.x",
        "prop-types": "^15.5.8",
        "raf": "^3.4.0",
        "rc-animate": "2.x",
        "rc-menu": "^7.3.0",
        "rc-trigger": "^2.5.4",
        "rc-util": "^4.0.4",
        "react-lifecycles-compat": "^3.0.2",
        "warning": "^4.0.2"
      }
    },
    "rc-slider": {
      "version": "8.6.2",
      "resolved": "http://registry.npm.taobao.org/rc-slider/download/rc-slider-8.6.2.tgz",
      "integrity": "sha1-7gmWtsaz8fb+jyt7LHFLolatKQk=",
      "requires": {
        "babel-runtime": "6.x",
        "classnames": "^2.2.5",
        "prop-types": "^15.5.4",
        "rc-tooltip": "^3.7.0",
        "rc-util": "^4.0.4",
        "shallowequal": "^1.0.1",
        "warning": "^3.0.0"
      },
      "dependencies": {
        "warning": {
          "version": "3.0.0",
          "resolved": "http://registry.npm.taobao.org/warning/download/warning-3.0.0.tgz",
          "integrity": "sha1-MuU3fLVy3kqwR1O9+IIcAe1gW3w=",
          "requires": {
            "loose-envify": "^1.0.0"
          }
        }
      }
    },
    "rc-steps": {
      "version": "3.3.0",
      "resolved": "http://registry.npm.taobao.org/rc-steps/download/rc-steps-3.3.0.tgz",
      "integrity": "sha1-iBfEOKalZImXx+21G95yfm8y4TI=",
      "requires": {
        "babel-runtime": "^6.23.0",
        "classnames": "^2.2.3",
        "lodash": "^4.17.5",
        "prop-types": "^15.5.7"
      }
    },
    "rc-switch": {
      "version": "1.7.0",
      "resolved": "http://registry.npm.taobao.org/rc-switch/download/rc-switch-1.7.0.tgz",
      "integrity": "sha1-plXwiVHW25TYPxYtpbaVBstwO28=",
      "requires": {
        "babel-runtime": "^6.23.0",
        "classnames": "^2.2.1",
        "prop-types": "^15.5.6"
      }
    },
    "rc-table": {
      "version": "6.3.4",
      "resolved": "http://registry.npm.taobao.org/rc-table/download/rc-table-6.3.4.tgz",
      "integrity": "sha1-XsbjfxhmEigWG8qnu/jLrxMkBew=",
      "requires": {
        "babel-runtime": "6.x",
        "classnames": "^2.2.5",
        "component-classes": "^1.2.6",
        "lodash": "^4.17.5",
        "mini-store": "^1.0.2",
        "prop-types": "^15.5.8",
        "rc-util": "^4.0.4",
        "react-lifecycles-compat": "^3.0.2",
        "shallowequal": "^1.0.2",
        "warning": "^3.0.0"
      },
      "dependencies": {
        "warning": {
          "version": "3.0.0",
          "resolved": "http://registry.npm.taobao.org/warning/download/warning-3.0.0.tgz",
          "integrity": "sha1-MuU3fLVy3kqwR1O9+IIcAe1gW3w=",
          "requires": {
            "loose-envify": "^1.0.0"
          }
        }
      }
    },
    "rc-tabs": {
      "version": "9.4.3",
      "resolved": "http://registry.npm.taobao.org/rc-tabs/download/rc-tabs-9.4.3.tgz",
      "integrity": "sha1-m7yHtB643okJqcvz4RBmx2zlb+g=",
      "requires": {
        "babel-runtime": "6.x",
        "classnames": "2.x",
        "lodash": "^4.17.5",
        "prop-types": "15.x",
        "rc-hammerjs": "~0.6.0",
        "rc-util": "^4.0.4",
        "warning": "^3.0.0"
      },
      "dependencies": {
        "warning": {
          "version": "3.0.0",
          "resolved": "http://registry.npm.taobao.org/warning/download/warning-3.0.0.tgz",
          "integrity": "sha1-MuU3fLVy3kqwR1O9+IIcAe1gW3w=",
          "requires": {
            "loose-envify": "^1.0.0"
          }
        }
      }
    },
    "rc-time-picker": {
      "version": "3.4.0",
      "resolved": "http://registry.npm.taobao.org/rc-time-picker/download/rc-time-picker-3.4.0.tgz",
      "integrity": "sha1-J06AEi+IWzek6s5zk/OiUzT6FB8=",
      "requires": {
        "babel-runtime": "6.x",
        "classnames": "2.x",
        "moment": "2.x",
        "prop-types": "^15.5.8",
        "rc-trigger": "^2.2.0"
      }
    },
    "rc-tooltip": {
      "version": "3.7.2",
      "resolved": "http://registry.npm.taobao.org/rc-tooltip/download/rc-tooltip-3.7.2.tgz",
      "integrity": "sha1-NphlbUus1Rty2eMnvtFdHVqfGyc=",
      "requires": {
        "babel-runtime": "6.x",
        "prop-types": "^15.5.8",
        "rc-trigger": "^2.2.2"
      }
    },
    "rc-tree": {
      "version": "1.14.6",
      "resolved": "http://registry.npm.taobao.org/rc-tree/download/rc-tree-1.14.6.tgz",
      "integrity": "sha1-XuWyXVX8yT8p6nLE6a7dnvK3D6I=",
      "requires": {
        "babel-runtime": "^6.23.0",
        "classnames": "2.x",
        "prop-types": "^15.5.8",
        "rc-animate": "^3.0.0-rc.5",
        "rc-util": "^4.5.1",
        "react-lifecycles-compat": "^3.0.4",
        "warning": "^3.0.0"
      },
      "dependencies": {
        "rc-animate": {
          "version": "3.0.0-rc.6",
          "resolved": "http://registry.npm.taobao.org/rc-animate/download/rc-animate-3.0.0-rc.6.tgz",
          "integrity": "sha1-BCiO76EY4MriFFNsipA/+qwbw/s=",
          "requires": {
            "babel-runtime": "6.x",
            "classnames": "^2.2.5",
            "component-classes": "^1.2.6",
            "fbjs": "^0.8.16",
            "prop-types": "15.x",
            "raf": "^3.4.0",
            "rc-util": "^4.5.0",
            "react-lifecycles-compat": "^3.0.4"
          }
        },
        "warning": {
          "version": "3.0.0",
          "resolved": "http://registry.npm.taobao.org/warning/download/warning-3.0.0.tgz",
          "integrity": "sha1-MuU3fLVy3kqwR1O9+IIcAe1gW3w=",
          "requires": {
            "loose-envify": "^1.0.0"
          }
        }
      }
    },
    "rc-tree-select": {
      "version": "2.2.4",
      "resolved": "http://registry.npm.taobao.org/rc-tree-select/download/rc-tree-select-2.2.4.tgz",
      "integrity": "sha1-tReQaVw6a3ipBMjqEfrEIDHWECE=",
      "requires": {
        "babel-runtime": "^6.23.0",
        "classnames": "^2.2.1",
        "prop-types": "^15.5.8",
        "raf": "^3.4.0",
        "rc-animate": "^3.0.0-rc.4",
        "rc-tree": "~1.14.3",
        "rc-trigger": "^3.0.0-rc.2",
        "rc-util": "^4.5.0",
        "react-lifecycles-compat": "^3.0.4",
        "shallowequal": "^1.0.2",
        "warning": "^4.0.1"
      },
      "dependencies": {
        "rc-animate": {
          "version": "3.0.0-rc.6",
          "resolved": "http://registry.npm.taobao.org/rc-animate/download/rc-animate-3.0.0-rc.6.tgz",
          "integrity": "sha1-BCiO76EY4MriFFNsipA/+qwbw/s=",
          "requires": {
            "babel-runtime": "6.x",
            "classnames": "^2.2.5",
            "component-classes": "^1.2.6",
            "fbjs": "^0.8.16",
            "prop-types": "15.x",
            "raf": "^3.4.0",
            "rc-util": "^4.5.0",
            "react-lifecycles-compat": "^3.0.4"
          }
        },
        "rc-trigger": {
          "version": "3.0.0-rc.3",
          "resolved": "http://registry.npm.taobao.org/rc-trigger/download/rc-trigger-3.0.0-rc.3.tgz",
          "integrity": "sha1-NYQt8WdNJTFeFCakSIKkyXZSJYs=",
          "requires": {
            "babel-runtime": "6.x",
            "classnames": "^2.2.6",
            "prop-types": "15.x",
            "raf": "^3.4.0",
            "rc-align": "^2.4.1",
            "rc-animate": "^3.0.0-rc.1",
            "rc-util": "^4.4.0"
          }
        }
      }
    },
    "rc-trigger": {
      "version": "2.5.4",
      "resolved": "http://registry.npm.taobao.org/rc-trigger/download/rc-trigger-2.5.4.tgz",
      "integrity": "sha1-kIiiS6WoEbJU90LwBOOKni+IQ/s=",
      "requires": {
        "babel-runtime": "6.x",
        "classnames": "^2.2.6",
        "prop-types": "15.x",
        "rc-align": "^2.4.0",
        "rc-animate": "2.x",
        "rc-util": "^4.4.0"
      }
    },
    "rc-upload": {
      "version": "2.5.1",
      "resolved": "http://registry.npm.taobao.org/rc-upload/download/rc-upload-2.5.1.tgz",
      "integrity": "sha1-euDJA42YuodQ6UZtj5aeG0vJ8OA=",
      "requires": {
        "babel-runtime": "6.x",
        "classnames": "^2.2.5",
        "prop-types": "^15.5.7",
        "warning": "2.x"
      },
      "dependencies": {
        "warning": {
          "version": "2.1.0",
          "resolved": "http://registry.npm.taobao.org/warning/download/warning-2.1.0.tgz",
          "integrity": "sha1-ISINnGOvx3qMkhEeARr3Bc4MaQE=",
          "requires": {
            "loose-envify": "^1.0.0"
          }
        }
      }
    },
    "rc-util": {
      "version": "4.5.1",
      "resolved": "http://registry.npm.taobao.org/rc-util/download/rc-util-4.5.1.tgz",
      "integrity": "sha1-DkNQVxdMAkkBx2ALqJA90D2jqzk=",
      "requires": {
        "add-dom-event-listener": "1.x",
        "babel-runtime": "6.x",
        "prop-types": "^15.5.10",
        "shallowequal": "^0.2.2"
      },
      "dependencies": {
        "shallowequal": {
          "version": "0.2.2",
          "resolved": "http://registry.npm.taobao.org/shallowequal/download/shallowequal-0.2.2.tgz",
          "integrity": "sha1-HjL9W8q2rWiKSBLLDMBO/HXHAU4=",
          "requires": {
            "lodash.keys": "^3.1.2"
          }
        }
      }
    },
    "react-lazy-load": {
      "version": "3.0.13",
      "resolved": "http://registry.npm.taobao.org/react-lazy-load/download/react-lazy-load-3.0.13.tgz",
      "integrity": "sha1-OwqS0zbUPT8Nc8vm81sXBQsIuCQ=",
      "requires": {
        "eventlistener": "0.0.1",
        "lodash.debounce": "^4.0.0",
        "lodash.throttle": "^4.0.0",
        "prop-types": "^15.5.8"
      }
    },
    "react-lifecycles-compat": {
      "version": "3.0.4",
      "resolved": "http://registry.npm.taobao.org/react-lifecycles-compat/download/react-lifecycles-compat-3.0.4.tgz",
      "integrity": "sha1-TxonOv38jzSIqMUWv9p4+HI1I2I="
    },
    "react-slick": {
      "version": "0.23.1",
      "resolved": "http://registry.npm.taobao.org/react-slick/download/react-slick-0.23.1.tgz",
      "integrity": "sha1-FXkcQQfwujpWiNW9l7e3zqoN0YE=",
      "requires": {
        "classnames": "^2.2.5",
        "enquire.js": "^2.1.6",
        "json2mq": "^0.2.0",
        "lodash.debounce": "^4.0.8",
        "resize-observer-polyfill": "^1.5.0"
      }
    },
    "regenerator-runtime": {
      "version": "0.11.1",
      "resolved": "http://registry.npm.taobao.org/regenerator-runtime/download/regenerator-runtime-0.11.1.tgz",
      "integrity": "sha1-vgWtf5v30i4Fb5cmzuUBf78Z4uk="
    },
    "resize-observer-polyfill": {
      "version": "1.5.0",
      "resolved": "http://registry.npm.taobao.org/resize-observer-polyfill/download/resize-observer-polyfill-1.5.0.tgz",
      "integrity": "sha1-Zg/x2XEqI4K6osrUUKRxYgn5ymk="
    },
    "rmc-feedback": {
      "version": "2.0.0",
      "resolved": "http://registry.npm.taobao.org/rmc-feedback/download/rmc-feedback-2.0.0.tgz",
      "integrity": "sha1-y8bLOuY8emNe7w4l5PuvWsNm7qo=",
      "requires": {
        "babel-runtime": "6.x",
        "classnames": "^2.2.5"
      }
    },
    "safer-buffer": {
      "version": "2.1.2",
      "resolved": "http://registry.npm.taobao.org/safer-buffer/download/safer-buffer-2.1.2.tgz",
      "integrity": "sha1-RPoWGwGHuVSd2Eu5GAL5vYOFzWo="
    },
    "setimmediate": {
      "version": "1.0.5",
      "resolved": "http://registry.npm.taobao.org/setimmediate/download/setimmediate-1.0.5.tgz",
      "integrity": "sha1-KQy7Iy4waULX1+qbg3Mqt4VvgoU="
    },
    "shallow-equal": {
      "version": "1.0.0",
      "resolved": "http://registry.npm.taobao.org/shallow-equal/download/shallow-equal-1.0.0.tgz",
      "integrity": "sha1-UI0YOLPeWQq4dXsBGyXkMJAJRfc="
    },
    "shallowequal": {
      "version": "1.1.0",
      "resolved": "http://registry.npm.taobao.org/shallowequal/download/shallowequal-1.1.0.tgz",
      "integrity": "sha1-GI1SHelbkIdAT9TctosT3wrk5/g="
    },
    "string-convert": {
      "version": "0.2.1",
      "resolved": "http://registry.npm.taobao.org/string-convert/download/string-convert-0.2.1.tgz",
      "integrity": "sha1-aYLMMEn7tM2F+LJFaLnZvznu/5c="
    },
    "tinycolor2": {
      "version": "1.4.1",
      "resolved": "http://registry.npm.taobao.org/tinycolor2/download/tinycolor2-1.4.1.tgz",
      "integrity": "sha1-9PrTM0R7wLB9TcjpIJ2POaisd+g="
    },
    "ua-parser-js": {
      "version": "0.7.18",
      "resolved": "http://registry.npm.taobao.org/ua-parser-js/download/ua-parser-js-0.7.18.tgz",
      "integrity": "sha1-p7/ZL1bt+xFwg7aeMdKqiILUse0="
    },
    "warning": {
      "version": "4.0.2",
      "resolved": "http://registry.npm.taobao.org/warning/download/warning-4.0.2.tgz",
      "integrity": "sha1-qmh2SAhyEW+j4R1DSw0NjZHkRgc=",
      "requires": {
        "loose-envify": "^1.0.0"
      }
    },
    "whatwg-fetch": {
      "version": "3.0.0",
      "resolved": "http://registry.npm.taobao.org/whatwg-fetch/download/whatwg-fetch-3.0.0.tgz",
      "integrity": "sha1-/IBORYzEYACbGiuWa8iBfSV4rvs="
    }
  }
}
